
Microsoft Visual Studio Solution File, Format Version 12.00
# Visual Studio Version 17
VisualStudioVersion = 17.13.35931.197 d17.13
MinimumVisualStudioVersion = 10.0.40219.1
Project("{FAE04EC0-301F-11D3-BF4B-00C04F79EFBC}") = "DietWorker", "DietWorker.csproj", "{31390551-518F-7F48-C9C1-B04D94E3EEFA}"
EndProject
Global
	GlobalSection(SolutionConfigurationPlatforms) = preSolution
		Debug|Any CPU = Debug|Any CPU
		Release|Any CPU = Release|Any CPU
	EndGlobalSection
	GlobalSection(ProjectConfigurationPlatforms) = postSolution
		{31390551-518F-7F48-C9C1-B04D94E3EEFA}.Debug|Any CPU.ActiveCfg = Debug|Any CPU
		{31390551-518F-7F48-C9C1-B04D94E3EEFA}.Debug|Any CPU.Build.0 = Debug|Any CPU
		{31390551-518F-7F48-C9C1-B04D94E3EEFA}.Release|Any CPU.ActiveCfg = Release|Any CPU
		{31390551-518F-7F48-C9C1-B04D94E3EEFA}.Release|Any CPU.Build.0 = Release|Any CPU
	EndGlobalSection
	GlobalSection(SolutionProperties) = preSolution
		HideSolutionNode = FALSE
	EndGlobalSection
	GlobalSection(ExtensibilityGlobals) = postSolution
		SolutionGuid = {6BAF8EC3-DCEC-4335-8D52-4A053AFB2BEB}
	EndGlobalSection
EndGlobal
